// !$*UTF8*$!
{
	archiveVersion = 1;
	classes = {
	};
	objectVersion = 46;
	objects = {

/* Begin PBXBuildFile section */
		8C0712EF1BE6D4F600CC909E /* SelectionViewController.swift in Sources */ = {isa = PBXBuildFile; fileRef = 8C0712EE1BE6D4F600CC909E /* SelectionViewController.swift */; };
		8C41C5A01C292AD200CF446C /* Launch Screen.storyboard in Resources */ = {isa = PBXBuildFile; fileRef = 8C41C59F1C292AD200CF446C /* Launch Screen.storyboard */; };
		8C42D08D1BEC115A00A5B718 /* Scene.swift in Sources */ = {isa = PBXBuildFile; fileRef = 8C42D08C1BEC115A00A5B718 /* Scene.swift */; };
		8C42D0911BEC80E500A5B718 /* MusicCell.swift in Sources */ = {isa = PBXBuildFile; fileRef = 8C42D0901BEC80E500A5B718 /* MusicCell.swift */; };
		8C498D9D1BFE4D6300468CF0 /* IntroViewController.swift in Sources */ = {isa = PBXBuildFile; fileRef = 8C498D9C1BFE4D6300468CF0 /* IntroViewController.swift */; };
		8C498DA21BFFC8AB00468CF0 /* Intro.swift in Sources */ = {isa = PBXBuildFile; fileRef = 8C498DA11BFFC8AB00468CF0 /* Intro.swift */; };
		8C4B705A1BCD7BBE00E54C5E /* MediaController.swift in Sources */ = {isa = PBXBuildFile; fileRef = 8C4B70591BCD7BBE00E54C5E /* MediaController.swift */; };
		8C5E51CD1BC7AD3B0028CBAA /* TheatreViewController.swift in Sources */ = {isa = PBXBuildFile; fileRef = 8C5E51CC1BC7AD3B0028CBAA /* TheatreViewController.swift */; };
		8C5E51D11BC7B2840028CBAA /* TheatreCell.swift in Sources */ = {isa = PBXBuildFile; fileRef = 8C5E51D01BC7B2840028CBAA /* TheatreCell.swift */; };
		8C6456B21BD580B700B5CE11 /* .gitignore in Resources */ = {isa = PBXBuildFile; fileRef = 8C6456B11BD580B700B5CE11 /* .gitignore */; };
		8C6E1B301BFA7ABB009F3E86 /* SceneViewController.swift in Sources */ = {isa = PBXBuildFile; fileRef = 8C6E1B2F1BFA7ABB009F3E86 /* SceneViewController.swift */; };
		8C8DEC2D1C0681F1006607A1 /* ProjectsViewController.swift in Sources */ = {isa = PBXBuildFile; fileRef = 8C8DEC2C1C0681F1006607A1 /* ProjectsViewController.swift */; };
		8CA57D681BC252EA0016762A /* AppDelegate.swift in Sources */ = {isa = PBXBuildFile; fileRef = 8CA57D671BC252EA0016762A /* AppDelegate.swift */; };
		8CA57D6D1BC252EA0016762A /* Main.storyboard in Resources */ = {isa = PBXBuildFile; fileRef = 8CA57D6B1BC252EA0016762A /* Main.storyboard */; };
		8CA57D701BC252EA0016762A /* Free_Film_Camp.xcdatamodeld in Sources */ = {isa = PBXBuildFile; fileRef = 8CA57D6E1BC252EA0016762A /* Free_Film_Camp.xcdatamodeld */; };
		8CA57D721BC252EA0016762A /* Assets.xcassets in Resources */ = {isa = PBXBuildFile; fileRef = 8CA57D711BC252EA0016762A /* Assets.xcassets */; };
		8CA57D801BC252EB0016762A /* Free_Film_CampTests.swift in Sources */ = {isa = PBXBuildFile; fileRef = 8CA57D7F1BC252EB0016762A /* Free_Film_CampTests.swift */; };
		8CA57D8B1BC252EB0016762A /* Free_Film_CampUITests.swift in Sources */ = {isa = PBXBuildFile; fileRef = 8CA57D8A1BC252EB0016762A /* Free_Film_CampUITests.swift */; };
		8CA57D9E1BC258850016762A /* MovieBuilderViewController.swift in Sources */ = {isa = PBXBuildFile; fileRef = 8CA57D9D1BC258850016762A /* MovieBuilderViewController.swift */; };
		8CA57DA41BC49AE50016762A /* CameraViewController.swift in Sources */ = {isa = PBXBuildFile; fileRef = 8CA57DA31BC49AE50016762A /* CameraViewController.swift */; };
		8CA57DAA1BC4D4C50016762A /* VideosViewController.swift in Sources */ = {isa = PBXBuildFile; fileRef = 8CA57DA91BC4D4C50016762A /* VideosViewController.swift */; };
		8CA57DE91BC5F0710016762A /* VideoLibraryCell.swift in Sources */ = {isa = PBXBuildFile; fileRef = 8CA57DE81BC5F0710016762A /* VideoLibraryCell.swift */; };
		8CBF277F1BC78A3A00EEFA27 /* VoiceOverViewController.swift in Sources */ = {isa = PBXBuildFile; fileRef = 8CBF277E1BC78A3A00EEFA27 /* VoiceOverViewController.swift */; };
		8CF664A31BE0E05900BC88EA /* Believe in your dreams.mp3 in Resources */ = {isa = PBXBuildFile; fileRef = 8CF6649C1BE0E05800BC88EA /* Believe in your dreams.mp3 */; };
		8CF664A51BE0E05900BC88EA /* Bumper_3 sec.mp4 in Resources */ = {isa = PBXBuildFile; fileRef = 8CF6649E1BE0E05800BC88EA /* Bumper_3 sec.mp4 */; };
		8CF664A61BE0E05900BC88EA /* Sounds like fun.mp3 in Resources */ = {isa = PBXBuildFile; fileRef = 8CF6649F1BE0E05800BC88EA /* Sounds like fun.mp3 */; };
		8CF664A81BE0E05900BC88EA /* Youve got mail.mp3 in Resources */ = {isa = PBXBuildFile; fileRef = 8CF664A11BE0E05800BC88EA /* Youve got mail.mp3 */; };
		EDD1BBDBB8EA44B2D48E70DB /* Pods.framework in Frameworks */ = {isa = PBXBuildFile; fileRef = A1859E88A3159FFAF35A6FD5 /* Pods.framework */; };
/* End PBXBuildFile section */

/* Begin PBXContainerItemProxy section */
		8CA57D7C1BC252EB0016762A /* PBXContainerItemProxy */ = {
			isa = PBXContainerItemProxy;
			containerPortal = 8CA57D5C1BC252EA0016762A /* Project object */;
			proxyType = 1;
			remoteGlobalIDString = 8CA57D631BC252EA0016762A;
			remoteInfo = "Free Film Camp";
		};
		8CA57D871BC252EB0016762A /* PBXContainerItemProxy */ = {
			isa = PBXContainerItemProxy;
			containerPortal = 8CA57D5C1BC252EA0016762A /* Project object */;
			proxyType = 1;
			remoteGlobalIDString = 8CA57D631BC252EA0016762A;
			remoteInfo = "Free Film Camp";
		};
/* End PBXContainerItemProxy section */

/* Begin PBXFileReference section */
		8C0712EE1BE6D4F600CC909E /* SelectionViewController.swift */ = {isa = PBXFileReference; fileEncoding = 4; lastKnownFileType = sourcecode.swift; path = SelectionViewController.swift; sourceTree = "<group>"; };
		8C41C59F1C292AD200CF446C /* Launch Screen.storyboard */ = {isa = PBXFileReference; fileEncoding = 4; lastKnownFileType = file.storyboard; path = "Launch Screen.storyboard"; sourceTree = "<group>"; };
		8C42D08C1BEC115A00A5B718 /* Scene.swift */ = {isa = PBXFileReference; fileEncoding = 4; lastKnownFileType = sourcecode.swift; path = Scene.swift; sourceTree = "<group>"; };
		8C42D0901BEC80E500A5B718 /* MusicCell.swift */ = {isa = PBXFileReference; fileEncoding = 4; lastKnownFileType = sourcecode.swift; path = MusicCell.swift; sourceTree = "<group>"; };
		8C498D9C1BFE4D6300468CF0 /* IntroViewController.swift */ = {isa = PBXFileReference; fileEncoding = 4; lastKnownFileType = sourcecode.swift; path = IntroViewController.swift; sourceTree = "<group>"; };
		8C498DA11BFFC8AB00468CF0 /* Intro.swift */ = {isa = PBXFileReference; fileEncoding = 4; lastKnownFileType = sourcecode.swift; path = Intro.swift; sourceTree = "<group>"; };
		8C4B70591BCD7BBE00E54C5E /* MediaController.swift */ = {isa = PBXFileReference; fileEncoding = 4; lastKnownFileType = sourcecode.swift; path = MediaController.swift; sourceTree = "<group>"; };
		8C4B705B1BCFFCD400E54C5E /* MyPlayground.playground */ = {isa = PBXFileReference; lastKnownFileType = file.playground; name = MyPlayground.playground; path = "Free Film Camp/MyPlayground.playground"; sourceTree = "<group>"; };
		8C5E51CC1BC7AD3B0028CBAA /* TheatreViewController.swift */ = {isa = PBXFileReference; fileEncoding = 4; lastKnownFileType = sourcecode.swift; path = TheatreViewController.swift; sourceTree = "<group>"; };
		8C5E51D01BC7B2840028CBAA /* TheatreCell.swift */ = {isa = PBXFileReference; fileEncoding = 4; lastKnownFileType = sourcecode.swift; path = TheatreCell.swift; sourceTree = "<group>"; };
		8C6456B11BD580B700B5CE11 /* .gitignore */ = {isa = PBXFileReference; fileEncoding = 4; lastKnownFileType = text; path = .gitignore; sourceTree = "<group>"; };
		8C6E1B2F1BFA7ABB009F3E86 /* SceneViewController.swift */ = {isa = PBXFileReference; fileEncoding = 4; lastKnownFileType = sourcecode.swift; path = SceneViewController.swift; sourceTree = "<group>"; };
		8C8DEC2C1C0681F1006607A1 /* ProjectsViewController.swift */ = {isa = PBXFileReference; fileEncoding = 4; lastKnownFileType = sourcecode.swift; path = ProjectsViewController.swift; sourceTree = "<group>"; };
		8CA57D641BC252EA0016762A /* Free Film Camp.app */ = {isa = PBXFileReference; explicitFileType = wrapper.application; includeInIndex = 0; path = "Free Film Camp.app"; sourceTree = BUILT_PRODUCTS_DIR; };
		8CA57D671BC252EA0016762A /* AppDelegate.swift */ = {isa = PBXFileReference; lastKnownFileType = sourcecode.swift; path = AppDelegate.swift; sourceTree = "<group>"; };
		8CA57D6C1BC252EA0016762A /* Base */ = {isa = PBXFileReference; lastKnownFileType = file.storyboard; name = Base; path = Base.lproj/Main.storyboard; sourceTree = "<group>"; };
		8CA57D6F1BC252EA0016762A /* Free_Film_Camp.xcdatamodel */ = {isa = PBXFileReference; lastKnownFileType = wrapper.xcdatamodel; path = Free_Film_Camp.xcdatamodel; sourceTree = "<group>"; };
		8CA57D711BC252EA0016762A /* Assets.xcassets */ = {isa = PBXFileReference; lastKnownFileType = folder.assetcatalog; path = Assets.xcassets; sourceTree = "<group>"; };
		8CA57D761BC252EA0016762A /* Info.plist */ = {isa = PBXFileReference; lastKnownFileType = text.plist.xml; path = Info.plist; sourceTree = "<group>"; };
		8CA57D7B1BC252EB0016762A /* Free Film CampTests.xctest */ = {isa = PBXFileReference; explicitFileType = wrapper.cfbundle; includeInIndex = 0; path = "Free Film CampTests.xctest"; sourceTree = BUILT_PRODUCTS_DIR; };
		8CA57D7F1BC252EB0016762A /* Free_Film_CampTests.swift */ = {isa = PBXFileReference; lastKnownFileType = sourcecode.swift; path = Free_Film_CampTests.swift; sourceTree = "<group>"; };
		8CA57D811BC252EB0016762A /* Info.plist */ = {isa = PBXFileReference; lastKnownFileType = text.plist.xml; path = Info.plist; sourceTree = "<group>"; };
		8CA57D861BC252EB0016762A /* Free Film CampUITests.xctest */ = {isa = PBXFileReference; explicitFileType = wrapper.cfbundle; includeInIndex = 0; path = "Free Film CampUITests.xctest"; sourceTree = BUILT_PRODUCTS_DIR; };
		8CA57D8A1BC252EB0016762A /* Free_Film_CampUITests.swift */ = {isa = PBXFileReference; lastKnownFileType = sourcecode.swift; path = Free_Film_CampUITests.swift; sourceTree = "<group>"; };
		8CA57D8C1BC252EB0016762A /* Info.plist */ = {isa = PBXFileReference; lastKnownFileType = text.plist.xml; path = Info.plist; sourceTree = "<group>"; };
		8CA57D9D1BC258850016762A /* MovieBuilderViewController.swift */ = {isa = PBXFileReference; fileEncoding = 4; lastKnownFileType = sourcecode.swift; path = MovieBuilderViewController.swift; sourceTree = "<group>"; };
		8CA57DA31BC49AE50016762A /* CameraViewController.swift */ = {isa = PBXFileReference; fileEncoding = 4; lastKnownFileType = sourcecode.swift; path = CameraViewController.swift; sourceTree = "<group>"; };
		8CA57DA91BC4D4C50016762A /* VideosViewController.swift */ = {isa = PBXFileReference; fileEncoding = 4; lastKnownFileType = sourcecode.swift; path = VideosViewController.swift; sourceTree = "<group>"; };
		8CA57DE81BC5F0710016762A /* VideoLibraryCell.swift */ = {isa = PBXFileReference; fileEncoding = 4; lastKnownFileType = sourcecode.swift; path = VideoLibraryCell.swift; sourceTree = "<group>"; };
		8CBF277E1BC78A3A00EEFA27 /* VoiceOverViewController.swift */ = {isa = PBXFileReference; fileEncoding = 4; lastKnownFileType = sourcecode.swift; path = VoiceOverViewController.swift; sourceTree = "<group>"; };
		8CF6649C1BE0E05800BC88EA /* Believe in your dreams.mp3 */ = {isa = PBXFileReference; lastKnownFileType = audio.mp3; path = "Believe in your dreams.mp3"; sourceTree = "<group>"; };
		8CF6649E1BE0E05800BC88EA /* Bumper_3 sec.mp4 */ = {isa = PBXFileReference; lastKnownFileType = file; path = "Bumper_3 sec.mp4"; sourceTree = "<group>"; };
		8CF6649F1BE0E05800BC88EA /* Sounds like fun.mp3 */ = {isa = PBXFileReference; lastKnownFileType = audio.mp3; path = "Sounds like fun.mp3"; sourceTree = "<group>"; };
		8CF664A11BE0E05800BC88EA /* Youve got mail.mp3 */ = {isa = PBXFileReference; lastKnownFileType = audio.mp3; path = "Youve got mail.mp3"; sourceTree = "<group>"; };
		98AD5D7C32D9FC95DC7433AE /* Pods.debug.xcconfig */ = {isa = PBXFileReference; includeInIndex = 1; lastKnownFileType = text.xcconfig; name = Pods.debug.xcconfig; path = "Pods/Target Support Files/Pods/Pods.debug.xcconfig"; sourceTree = "<group>"; };
		A1859E88A3159FFAF35A6FD5 /* Pods.framework */ = {isa = PBXFileReference; explicitFileType = wrapper.framework; includeInIndex = 0; path = Pods.framework; sourceTree = BUILT_PRODUCTS_DIR; };
		C2A5CECE88AB2468A31ECC89 /* Pods.release.xcconfig */ = {isa = PBXFileReference; includeInIndex = 1; lastKnownFileType = text.xcconfig; name = Pods.release.xcconfig; path = "Pods/Target Support Files/Pods/Pods.release.xcconfig"; sourceTree = "<group>"; };
/* End PBXFileReference section */

/* Begin PBXFrameworksBuildPhase section */
		8CA57D611BC252EA0016762A /* Frameworks */ = {
			isa = PBXFrameworksBuildPhase;
			buildActionMask = 2147483647;
			files = (
				EDD1BBDBB8EA44B2D48E70DB /* Pods.framework in Frameworks */,
			);
			runOnlyForDeploymentPostprocessing = 0;
		};
		8CA57D781BC252EB0016762A /* Frameworks */ = {
			isa = PBXFrameworksBuildPhase;
			buildActionMask = 2147483647;
			files = (
			);
			runOnlyForDeploymentPostprocessing = 0;
		};
		8CA57D831BC252EB0016762A /* Frameworks */ = {
			isa = PBXFrameworksBuildPhase;
			buildActionMask = 2147483647;
			files = (
			);
			runOnlyForDeploymentPostprocessing = 0;
		};
/* End PBXFrameworksBuildPhase section */

/* Begin PBXGroup section */
		178201118BC81DF2D51DA794 /* Frameworks */ = {
			isa = PBXGroup;
			children = (
				A1859E88A3159FFAF35A6FD5 /* Pods.framework */,
			);
			name = Frameworks;
			sourceTree = "<group>";
		};
		6B855CBBBE32004F0CC0F486 /* Pods */ = {
			isa = PBXGroup;
			children = (
				98AD5D7C32D9FC95DC7433AE /* Pods.debug.xcconfig */,
				C2A5CECE88AB2468A31ECC89 /* Pods.release.xcconfig */,
			);
			name = Pods;
			sourceTree = "<group>";
		};
		8C42D08B1BEC0B6E00A5B718 /* music */ = {
			isa = PBXGroup;
			children = (
				8CF6649C1BE0E05800BC88EA /* Believe in your dreams.mp3 */,
				8CF6649F1BE0E05800BC88EA /* Sounds like fun.mp3 */,
				8CF664A11BE0E05800BC88EA /* Youve got mail.mp3 */,
			);
			name = music;
			sourceTree = "<group>";
		};
		8C498D9E1BFE4D9D00468CF0 /* Main Navigation */ = {
			isa = PBXGroup;
			children = (
				8C0712EE1BE6D4F600CC909E /* SelectionViewController.swift */,
				8C498D9C1BFE4D6300468CF0 /* IntroViewController.swift */,
				8C6E1B2F1BFA7ABB009F3E86 /* SceneViewController.swift */,
				8CA57D9D1BC258850016762A /* MovieBuilderViewController.swift */,
				8C5E51CC1BC7AD3B0028CBAA /* TheatreViewController.swift */,
			);
			name = "Main Navigation";
			sourceTree = "<group>";
		};
		8C498D9F1BFE4DE400468CF0 /* Tools & Media Libraries */ = {
			isa = PBXGroup;
			children = (
				8C8DEC2C1C0681F1006607A1 /* ProjectsViewController.swift */,
				8CA57DA31BC49AE50016762A /* CameraViewController.swift */,
				8CBF277E1BC78A3A00EEFA27 /* VoiceOverViewController.swift */,
				8CA57DA91BC4D4C50016762A /* VideosViewController.swift */,
			);
			name = "Tools & Media Libraries";
			sourceTree = "<group>";
		};
		8CA57D5B1BC252EA0016762A = {
			isa = PBXGroup;
			children = (
				8C4B705B1BCFFCD400E54C5E /* MyPlayground.playground */,
				8C6456B11BD580B700B5CE11 /* .gitignore */,
				8CF6649B1BE0DFA800BC88EA /* Supporting Files */,
				8CA57D661BC252EA0016762A /* Free Film Camp */,
				8CA57D7E1BC252EB0016762A /* Free Film CampTests */,
				8CA57D891BC252EB0016762A /* Free Film CampUITests */,
				8CA57D651BC252EA0016762A /* Products */,
				6B855CBBBE32004F0CC0F486 /* Pods */,
				178201118BC81DF2D51DA794 /* Frameworks */,
			);
			sourceTree = "<group>";
		};
		8CA57D651BC252EA0016762A /* Products */ = {
			isa = PBXGroup;
			children = (
				8CA57D641BC252EA0016762A /* Free Film Camp.app */,
				8CA57D7B1BC252EB0016762A /* Free Film CampTests.xctest */,
				8CA57D861BC252EB0016762A /* Free Film CampUITests.xctest */,
			);
			name = Products;
			sourceTree = "<group>";
		};
		8CA57D661BC252EA0016762A /* Free Film Camp */ = {
			isa = PBXGroup;
			children = (
				8CA57D9A1BC254C60016762A /* Controller */,
				8CA57D991BC254BE0016762A /* Model */,
				8CA57D981BC254B50016762A /* View */,
			);
			path = "Free Film Camp";
			sourceTree = "<group>";
		};
		8CA57D7E1BC252EB0016762A /* Free Film CampTests */ = {
			isa = PBXGroup;
			children = (
				8CA57D7F1BC252EB0016762A /* Free_Film_CampTests.swift */,
				8CA57D811BC252EB0016762A /* Info.plist */,
			);
			path = "Free Film CampTests";
			sourceTree = "<group>";
		};
		8CA57D891BC252EB0016762A /* Free Film CampUITests */ = {
			isa = PBXGroup;
			children = (
				8CA57D8A1BC252EB0016762A /* Free_Film_CampUITests.swift */,
				8CA57D8C1BC252EB0016762A /* Info.plist */,
			);
			path = "Free Film CampUITests";
			sourceTree = "<group>";
		};
		8CA57D981BC254B50016762A /* View */ = {
			isa = PBXGroup;
			children = (
				8CA57D6B1BC252EA0016762A /* Main.storyboard */,
				8CA57D711BC252EA0016762A /* Assets.xcassets */,
				8CA57DE81BC5F0710016762A /* VideoLibraryCell.swift */,
				8C5E51D01BC7B2840028CBAA /* TheatreCell.swift */,
				8C42D0901BEC80E500A5B718 /* MusicCell.swift */,
				8C41C59F1C292AD200CF446C /* Launch Screen.storyboard */,
			);
			name = View;
			sourceTree = "<group>";
		};
		8CA57D991BC254BE0016762A /* Model */ = {
			isa = PBXGroup;
			children = (
				8CA57D6E1BC252EA0016762A /* Free_Film_Camp.xcdatamodeld */,
				8C42D08C1BEC115A00A5B718 /* Scene.swift */,
				8C498DA11BFFC8AB00468CF0 /* Intro.swift */,
			);
			name = Model;
			sourceTree = "<group>";
		};
		8CA57D9A1BC254C60016762A /* Controller */ = {
			isa = PBXGroup;
			children = (
				8C498D9F1BFE4DE400468CF0 /* Tools & Media Libraries */,
				8C498D9E1BFE4D9D00468CF0 /* Main Navigation */,
				8C4B70591BCD7BBE00E54C5E /* MediaController.swift */,
			);
			name = Controller;
			sourceTree = "<group>";
		};
		8CF6649B1BE0DFA800BC88EA /* Supporting Files */ = {
			isa = PBXGroup;
			children = (
				8C42D08B1BEC0B6E00A5B718 /* music */,
				8CA57D761BC252EA0016762A /* Info.plist */,
				8CF6649E1BE0E05800BC88EA /* Bumper_3 sec.mp4 */,
				8CA57D671BC252EA0016762A /* AppDelegate.swift */,
			);
			name = "Supporting Files";
			path = "Free Film Camp";
			sourceTree = "<group>";
		};
/* End PBXGroup section */

/* Begin PBXNativeTarget section */
		8CA57D631BC252EA0016762A /* Free Film Camp */ = {
			isa = PBXNativeTarget;
			buildConfigurationList = 8CA57D8F1BC252EB0016762A /* Build configuration list for PBXNativeTarget "Free Film Camp" */;
			buildPhases = (
				7EBC61E462A3ACC4319D09F6 /* Check Pods Manifest.lock */,
				8CA57D601BC252EA0016762A /* Sources */,
				8CA57D611BC252EA0016762A /* Frameworks */,
				8CA57D621BC252EA0016762A /* Resources */,
				D27E3CBC6DA52D3533604657 /* Embed Pods Frameworks */,
				9C6373FBDC1EBB98BDA0D83D /* Copy Pods Resources */,
			);
			buildRules = (
			);
			dependencies = (
			);
			name = "Free Film Camp";
			productName = "Free Film Camp";
			productReference = 8CA57D641BC252EA0016762A /* Free Film Camp.app */;
			productType = "com.apple.product-type.application";
		};
		8CA57D7A1BC252EB0016762A /* Free Film CampTests */ = {
			isa = PBXNativeTarget;
			buildConfigurationList = 8CA57D921BC252EB0016762A /* Build configuration list for PBXNativeTarget "Free Film CampTests" */;
			buildPhases = (
				8CA57D771BC252EB0016762A /* Sources */,
				8CA57D781BC252EB0016762A /* Frameworks */,
				8CA57D791BC252EB0016762A /* Resources */,
			);
			buildRules = (
			);
			dependencies = (
				8CA57D7D1BC252EB0016762A /* PBXTargetDependency */,
			);
			name = "Free Film CampTests";
			productName = "Free Film CampTests";
			productReference = 8CA57D7B1BC252EB0016762A /* Free Film CampTests.xctest */;
			productType = "com.apple.product-type.bundle.unit-test";
		};
		8CA57D851BC252EB0016762A /* Free Film CampUITests */ = {
			isa = PBXNativeTarget;
			buildConfigurationList = 8CA57D951BC252EB0016762A /* Build configuration list for PBXNativeTarget "Free Film CampUITests" */;
			buildPhases = (
				8CA57D821BC252EB0016762A /* Sources */,
				8CA57D831BC252EB0016762A /* Frameworks */,
				8CA57D841BC252EB0016762A /* Resources */,
			);
			buildRules = (
			);
			dependencies = (
				8CA57D881BC252EB0016762A /* PBXTargetDependency */,
			);
			name = "Free Film CampUITests";
			productName = "Free Film CampUITests";
			productReference = 8CA57D861BC252EB0016762A /* Free Film CampUITests.xctest */;
			productType = "com.apple.product-type.bundle.ui-testing";
		};
/* End PBXNativeTarget section */

/* Begin PBXProject section */
		8CA57D5C1BC252EA0016762A /* Project object */ = {
			isa = PBXProject;
			attributes = {
				LastUpgradeCheck = 0700;
				ORGANIZATIONNAME = "Eric Mentele";
				TargetAttributes = {
					8CA57D631BC252EA0016762A = {
						CreatedOnToolsVersion = 7.0.1;
						DevelopmentTeam = 8F48NKUJX6;
					};
					8CA57D7A1BC252EB0016762A = {
						CreatedOnToolsVersion = 7.0.1;
						TestTargetID = 8CA57D631BC252EA0016762A;
					};
					8CA57D851BC252EB0016762A = {
						CreatedOnToolsVersion = 7.0.1;
						TestTargetID = 8CA57D631BC252EA0016762A;
					};
				};
			};
			buildConfigurationList = 8CA57D5F1BC252EA0016762A /* Build configuration list for PBXProject "Free Film Camp" */;
			compatibilityVersion = "Xcode 3.2";
			developmentRegion = English;
			hasScannedForEncodings = 0;
			knownRegions = (
				en,
				Base,
			);
			mainGroup = 8CA57D5B1BC252EA0016762A;
			productRefGroup = 8CA57D651BC252EA0016762A /* Products */;
			projectDirPath = "";
			projectRoot = "";
			targets = (
				8CA57D631BC252EA0016762A /* Free Film Camp */,
				8CA57D7A1BC252EB0016762A /* Free Film CampTests */,
				8CA57D851BC252EB0016762A /* Free Film CampUITests */,
			);
		};
/* End PBXProject section */

/* Begin PBXResourcesBuildPhase section */
		8CA57D621BC252EA0016762A /* Resources */ = {
			isa = PBXResourcesBuildPhase;
			buildActionMask = 2147483647;
			files = (
				8C6456B21BD580B700B5CE11 /* .gitignore in Resources */,
				8CF664A31BE0E05900BC88EA /* Believe in your dreams.mp3 in Resources */,
				8C41C5A01C292AD200CF446C /* Launch Screen.storyboard in Resources */,
				8CF664A51BE0E05900BC88EA /* Bumper_3 sec.mp4 in Resources */,
				8CA57D721BC252EA0016762A /* Assets.xcassets in Resources */,
				8CA57D6D1BC252EA0016762A /* Main.storyboard in Resources */,
				8CF664A81BE0E05900BC88EA /* Youve got mail.mp3 in Resources */,
				8CF664A61BE0E05900BC88EA /* Sounds like fun.mp3 in Resources */,
			);
			runOnlyForDeploymentPostprocessing = 0;
		};
		8CA57D791BC252EB0016762A /* Resources */ = {
			isa = PBXResourcesBuildPhase;
			buildActionMask = 2147483647;
			files = (
			);
			runOnlyForDeploymentPostprocessing = 0;
		};
		8CA57D841BC252EB0016762A /* Resources */ = {
			isa = PBXResourcesBuildPhase;
			buildActionMask = 2147483647;
			files = (
			);
			runOnlyForDeploymentPostprocessing = 0;
		};
/* End PBXResourcesBuildPhase section */

/* Begin PBXShellScriptBuildPhase section */
		7EBC61E462A3ACC4319D09F6 /* Check Pods Manifest.lock */ = {
			isa = PBXShellScriptBuildPhase;
			buildActionMask = 2147483647;
			files = (
			);
			inputPaths = (
			);
			name = "Check Pods Manifest.lock";
			outputPaths = (
			);
			runOnlyForDeploymentPostprocessing = 0;
			shellPath = /bin/sh;
			shellScript = "diff \"${PODS_ROOT}/../Podfile.lock\" \"${PODS_ROOT}/Manifest.lock\" > /dev/null\nif [[ $? != 0 ]] ; then\n    cat << EOM\nerror: The sandbox is not in sync with the Podfile.lock. Run 'pod install' or update your CocoaPods installation.\nEOM\n    exit 1\nfi\n";
			showEnvVarsInLog = 0;
		};
		9C6373FBDC1EBB98BDA0D83D /* Copy Pods Resources */ = {
			isa = PBXShellScriptBuildPhase;
			buildActionMask = 2147483647;
			files = (
			);
			inputPaths = (
			);
			name = "Copy Pods Resources";
			outputPaths = (
			);
			runOnlyForDeploymentPostprocessing = 0;
			shellPath = /bin/sh;
			shellScript = "\"${SRCROOT}/Pods/Target Support Files/Pods/Pods-resources.sh\"\n";
			showEnvVarsInLog = 0;
		};
		D27E3CBC6DA52D3533604657 /* Embed Pods Frameworks */ = {
			isa = PBXShellScriptBuildPhase;
			buildActionMask = 2147483647;
			files = (
			);
			inputPaths = (
			);
			name = "Embed Pods Frameworks";
			outputPaths = (
			);
			runOnlyForDeploymentPostprocessing = 0;
			shellPath = /bin/sh;
			shellScript = "\"${SRCROOT}/Pods/Target Support Files/Pods/Pods-frameworks.sh\"\n";
			showEnvVarsInLog = 0;
		};
/* End PBXShellScriptBuildPhase section */

/* Begin PBXSourcesBuildPhase section */
		8CA57D601BC252EA0016762A /* Sources */ = {
			isa = PBXSourcesBuildPhase;
			buildActionMask = 2147483647;
			files = (
				8CA57D9E1BC258850016762A /* MovieBuilderViewController.swift in Sources */,
				8C8DEC2D1C0681F1006607A1 /* ProjectsViewController.swift in Sources */,
				8CBF277F1BC78A3A00EEFA27 /* VoiceOverViewController.swift in Sources */,
				8C498DA21BFFC8AB00468CF0 /* Intro.swift in Sources */,
				8CA57DE91BC5F0710016762A /* VideoLibraryCell.swift in Sources */,
				8C6E1B301BFA7ABB009F3E86 /* SceneViewController.swift in Sources */,
				8C42D08D1BEC115A00A5B718 /* Scene.swift in Sources */,
				8CA57DA41BC49AE50016762A /* CameraViewController.swift in Sources */,
				8C498D9D1BFE4D6300468CF0 /* IntroViewController.swift in Sources */,
				8C4B705A1BCD7BBE00E54C5E /* MediaController.swift in Sources */,
				8CA57D701BC252EA0016762A /* Free_Film_Camp.xcdatamodeld in Sources */,
				8C42D0911BEC80E500A5B718 /* MusicCell.swift in Sources */,
				8CA57DAA1BC4D4C50016762A /* VideosViewController.swift in Sources */,
				8C5E51D11BC7B2840028CBAA /* TheatreCell.swift in Sources */,
				8CA57D681BC252EA0016762A /* AppDelegate.swift in Sources */,
				8C5E51CD1BC7AD3B0028CBAA /* TheatreViewController.swift in Sources */,
				8C0712EF1BE6D4F600CC909E /* SelectionViewController.swift in Sources */,
			);
			runOnlyForDeploymentPostprocessing = 0;
		};
		8CA57D771BC252EB0016762A /* Sources */ = {
			isa = PBXSourcesBuildPhase;
			buildActionMask = 2147483647;
			files = (
				8CA57D801BC252EB0016762A /* Free_Film_CampTests.swift in Sources */,
			);
			runOnlyForDeploymentPostprocessing = 0;
		};
		8CA57D821BC252EB0016762A /* Sources */ = {
			isa = PBXSourcesBuildPhase;
			buildActionMask = 2147483647;
			files = (
				8CA57D8B1BC252EB0016762A /* Free_Film_CampUITests.swift in Sources */,
			);
			runOnlyForDeploymentPostprocessing = 0;
		};
/* End PBXSourcesBuildPhase section */

/* Begin PBXTargetDependency section */
		8CA57D7D1BC252EB0016762A /* PBXTargetDependency */ = {
			isa = PBXTargetDependency;
			target = 8CA57D631BC252EA0016762A /* Free Film Camp */;
			targetProxy = 8CA57D7C1BC252EB0016762A /* PBXContainerItemProxy */;
		};
		8CA57D881BC252EB0016762A /* PBXTargetDependency */ = {
			isa = PBXTargetDependency;
			target = 8CA57D631BC252EA0016762A /* Free Film Camp */;
			targetProxy = 8CA57D871BC252EB0016762A /* PBXContainerItemProxy */;
		};
/* End PBXTargetDependency section */

/* Begin PBXVariantGroup section */
		8CA57D6B1BC252EA0016762A /* Main.storyboard */ = {
			isa = PBXVariantGroup;
			children = (
				8CA57D6C1BC252EA0016762A /* Base */,
			);
			name = Main.storyboard;
			sourceTree = "<group>";
		};
/* End PBXVariantGroup section */

/* Begin XCBuildConfiguration section */
		8CA57D8D1BC252EB0016762A /* Debug */ = {
			isa = XCBuildConfiguration;
			buildSettings = {
				ALWAYS_SEARCH_USER_PATHS = NO;
				CLANG_CXX_LANGUAGE_STANDARD = "gnu++0x";
				CLANG_CXX_LIBRARY = "libc++";
				CLANG_ENABLE_MODULES = YES;
				CLANG_ENABLE_OBJC_ARC = YES;
				CLANG_WARN_BOOL_CONVERSION = YES;
				CLANG_WARN_CONSTANT_CONVERSION = YES;
				CLANG_WARN_DIRECT_OBJC_ISA_USAGE = YES_ERROR;
				CLANG_WARN_EMPTY_BODY = YES;
				CLANG_WARN_ENUM_CONVERSION = YES;
				CLANG_WARN_INT_CONVERSION = YES;
				CLANG_WARN_OBJC_ROOT_CLASS = YES_ERROR;
				CLANG_WARN_UNREACHABLE_CODE = YES;
				CLANG_WARN__DUPLICATE_METHOD_MATCH = YES;
				"CODE_SIGN_IDENTITY[sdk=iphoneos*]" = "iPhone Developer";
				COPY_PHASE_STRIP = NO;
				DEBUG_INFORMATION_FORMAT = dwarf;
				ENABLE_STRICT_OBJC_MSGSEND = YES;
				ENABLE_TESTABILITY = YES;
				GCC_C_LANGUAGE_STANDARD = gnu99;
				GCC_DYNAMIC_NO_PIC = NO;
				GCC_NO_COMMON_BLOCKS = YES;
				GCC_OPTIMIZATION_LEVEL = 0;
				GCC_PREPROCESSOR_DEFINITIONS = (
					"DEBUG=1",
					"$(inherited)",
				);
				GCC_WARN_64_TO_32_BIT_CONVERSION = YES;
				GCC_WARN_ABOUT_RETURN_TYPE = YES_ERROR;
				GCC_WARN_UNDECLARED_SELECTOR = YES;
				GCC_WARN_UNINITIALIZED_AUTOS = YES_AGGRESSIVE;
				GCC_WARN_UNUSED_FUNCTION = YES;
				GCC_WARN_UNUSED_VARIABLE = YES;
				IPHONEOS_DEPLOYMENT_TARGET = 9.0;
				MTL_ENABLE_DEBUG_INFO = YES;
				ONLY_ACTIVE_ARCH = YES;
				SDKROOT = iphoneos;
				SWIFT_OPTIMIZATION_LEVEL = "-Onone";
				TARGETED_DEVICE_FAMILY = "1,2";
			};
			name = Debug;
		};
		8CA57D8E1BC252EB0016762A /* Release */ = {
			isa = XCBuildConfiguration;
			buildSettings = {
				ALWAYS_SEARCH_USER_PATHS = NO;
				CLANG_CXX_LANGUAGE_STANDARD = "gnu++0x";
				CLANG_CXX_LIBRARY = "libc++";
				CLANG_ENABLE_MODULES = YES;
				CLANG_ENABLE_OBJC_ARC = YES;
				CLANG_WARN_BOOL_CONVERSION = YES;
				CLANG_WARN_CONSTANT_CONVERSION = YES;
				CLANG_WARN_DIRECT_OBJC_ISA_USAGE = YES_ERROR;
				CLANG_WARN_EMPTY_BODY = YES;
				CLANG_WARN_ENUM_CONVERSION = YES;
				CLANG_WARN_INT_CONVERSION = YES;
				CLANG_WARN_OBJC_ROOT_CLASS = YES_ERROR;
				CLANG_WARN_UNREACHABLE_CODE = YES;
				CLANG_WARN__DUPLICATE_METHOD_MATCH = YES;
				"CODE_SIGN_IDENTITY[sdk=iphoneos*]" = "iPhone Developer";
				COPY_PHASE_STRIP = NO;
				DEBUG_INFORMATION_FORMAT = "dwarf-with-dsym";
				ENABLE_NS_ASSERTIONS = NO;
				ENABLE_STRICT_OBJC_MSGSEND = YES;
				GCC_C_LANGUAGE_STANDARD = gnu99;
				GCC_NO_COMMON_BLOCKS = YES;
				GCC_WARN_64_TO_32_BIT_CONVERSION = YES;
				GCC_WARN_ABOUT_RETURN_TYPE = YES_ERROR;
				GCC_WARN_UNDECLARED_SELECTOR = YES;
				GCC_WARN_UNINITIALIZED_AUTOS = YES_AGGRESSIVE;
				GCC_WARN_UNUSED_FUNCTION = YES;
				GCC_WARN_UNUSED_VARIABLE = YES;
				IPHONEOS_DEPLOYMENT_TARGET = 9.0;
				MTL_ENABLE_DEBUG_INFO = NO;
				SDKROOT = iphoneos;
				TARGETED_DEVICE_FAMILY = "1,2";
				VALIDATE_PRODUCT = YES;
			};
			name = Release;
		};
		8CA57D901BC252EB0016762A /* Debug */ = {
			isa = XCBuildConfiguration;
			baseConfigurationReference = 98AD5D7C32D9FC95DC7433AE /* Pods.debug.xcconfig */;
			buildSettings = {
				ASSETCATALOG_COMPILER_APPICON_NAME = AppIcon;
				ASSETCATALOG_COMPILER_LAUNCHIMAGE_NAME = LaunchImage;
				CODE_SIGN_IDENTITY = "iPhone Developer";
				"CODE_SIGN_IDENTITY[sdk=iphoneos*]" = "iPhone Developer";
				INFOPLIST_FILE = "Free Film Camp/Info.plist";
				IPHONEOS_DEPLOYMENT_TARGET = 9.0;
				LD_RUNPATH_SEARCH_PATHS = "$(inherited) @executable_path/Frameworks";
				PRODUCT_BUNDLE_IDENTIFIER = "com.freefilmcamp.Free-Film-Camp";
				PRODUCT_NAME = "$(TARGET_NAME)";
				PROVISIONING_PROFILE = "";
				TARGETED_DEVICE_FAMILY = "1,2";
			};
			name = Debug;
		};
		8CA57D911BC252EB0016762A /* Release */ = {
			isa = XCBuildConfiguration;
			baseConfigurationReference = C2A5CECE88AB2468A31ECC89 /* Pods.release.xcconfig */;
			buildSettings = {
				ASSETCATALOG_COMPILER_APPICON_NAME = AppIcon;
				ASSETCATALOG_COMPILER_LAUNCHIMAGE_NAME = LaunchImage;
				CODE_SIGN_IDENTITY = "iPhone Developer";
				"CODE_SIGN_IDENTITY[sdk=iphoneos*]" = "iPhone Developer";
				INFOPLIST_FILE = "Free Film Camp/Info.plist";
				IPHONEOS_DEPLOYMENT_TARGET = 9.0;
				LD_RUNPATH_SEARCH_PATHS = "$(inherited) @executable_path/Frameworks";
				PRODUCT_BUNDLE_IDENTIFIER = "com.freefilmcamp.Free-Film-Camp";
				PRODUCT_NAME = "$(TARGET_NAME)";
				PROVISIONING_PROFILE = "";
				TARGETED_DEVICE_FAMILY = "1,2";
			};
			name = Release;
		};
		8CA57D931BC252EB0016762A /* Debug */ = {
			isa = XCBuildConfiguration;
			buildSettings = {
				BUNDLE_LOADER = "$(TEST_HOST)";
				INFOPLIST_FILE = "Free Film CampTests/Info.plist";
				LD_RUNPATH_SEARCH_PATHS = "$(inherited) @executable_path/Frameworks @loader_path/Frameworks";
				PRODUCT_BUNDLE_IDENTIFIER = "com.ericmentele.Free-Film-CampTests";
				PRODUCT_NAME = "$(TARGET_NAME)";
				TEST_HOST = "$(BUILT_PRODUCTS_DIR)/Free Film Camp.app/Free Film Camp";
			};
			name = Debug;
		};
		8CA57D941BC252EB0016762A /* Release */ = {
			isa = XCBuildConfiguration;
			buildSettings = {
				BUNDLE_LOADER = "$(TEST_HOST)";
				INFOPLIST_FILE = "Free Film CampTests/Info.plist";
				LD_RUNPATH_SEARCH_PATHS = "$(inherited) @executable_path/Frameworks @loader_path/Frameworks";
				PRODUCT_BUNDLE_IDENTIFIER = "com.ericmentele.Free-Film-CampTests";
				PRODUCT_NAME = "$(TARGET_NAME)";
				TEST_HOST = "$(BUILT_PRODUCTS_DIR)/Free Film Camp.app/Free Film Camp";
			};
			name = Release;
		};
		8CA57D961BC252EB0016762A /* Debug */ = {
			isa = XCBuildConfiguration;
			buildSettings = {
				INFOPLIST_FILE = "Free Film CampUITests/Info.plist";
				LD_RUNPATH_SEARCH_PATHS = "$(inherited) @executable_path/Frameworks @loader_path/Frameworks";
				PRODUCT_BUNDLE_IDENTIFIER = "com.ericmentele.Free-Film-CampUITests";
				PRODUCT_NAME = "$(TARGET_NAME)";
				TEST_TARGET_NAME = "Free Film Camp";
				USES_XCTRUNNER = YES;
			};
			name = Debug;
		};
		8CA57D971BC252EB0016762A /* Release */ = {
			isa = XCBuildConfiguration;
			buildSettings = {
				INFOPLIST_FILE = "Free Film CampUITests/Info.plist";
				LD_RUNPATH_SEARCH_PATHS = "$(inherited) @executable_path/Frameworks @loader_path/Frameworks";
				PRODUCT_BUNDLE_IDENTIFIER = "com.ericmentele.Free-Film-CampUITests";
				PRODUCT_NAME = "$(TARGET_NAME)";
				TEST_TARGET_NAME = "Free Film Camp";
				USES_XCTRUNNER = YES;
			};
			name = Release;
		};
/* End XCBuildConfiguration section */

/* Begin XCConfigurationList section */
		8CA57D5F1BC252EA0016762A /* Build configuration list for PBXProject "Free Film Camp" */ = {
			isa = XCConfigurationList;
			buildConfigurations = (
				8CA57D8D1BC252EB0016762A /* Debug */,
				8CA57D8E1BC252EB0016762A /* Release */,
			);
			defaultConfigurationIsVisible = 0;
			defaultConfigurationName = Release;
		};
		8CA57D8F1BC252EB0016762A /* Build configuration list for PBXNativeTarget "Free Film Camp" */ = {
			isa = XCConfigurationList;
			buildConfigurations = (
				8CA57D901BC252EB0016762A /* Debug */,
				8CA57D911BC252EB0016762A /* Release */,
			);
			defaultConfigurationIsVisible = 0;
			defaultConfigurationName = Release;
		};
		8CA57D921BC252EB0016762A /* Build configuration list for PBXNativeTarget "Free Film CampTests" */ = {
			isa = XCConfigurationList;
			buildConfigurations = (
				8CA57D931BC252EB0016762A /* Debug */,
				8CA57D941BC252EB0016762A /* Release */,
			);
			defaultConfigurationIsVisible = 0;
			defaultConfigurationName = Release;
		};
		8CA57D951BC252EB0016762A /* Build configuration list for PBXNativeTarget "Free Film CampUITests" */ = {
			isa = XCConfigurationList;
			buildConfigurations = (
				8CA57D961BC252EB0016762A /* Debug */,
				8CA57D971BC252EB0016762A /* Release */,
			);
			defaultConfigurationIsVisible = 0;
			defaultConfigurationName = Release;
		};
/* End XCConfigurationList section */

/* Begin XCVersionGroup section */
		8CA57D6E1BC252EA0016762A /* Free_Film_Camp.xcdatamodeld */ = {
			isa = XCVersionGroup;
			children = (
				8CA57D6F1BC252EA0016762A /* Free_Film_Camp.xcdatamodel */,
			);
			currentVersion = 8CA57D6F1BC252EA0016762A /* Free_Film_Camp.xcdatamodel */;
			path = Free_Film_Camp.xcdatamodeld;
			sourceTree = "<group>";
			versionGroupType = wrapper.xcdatamodel;
		};
/* End XCVersionGroup section */
	};
	rootObject = 8CA57D5C1BC252EA0016762A /* Project object */;
}
